
Microsoft Visual Studio Solution File, Format Version 12.00
# Visual Studio Version 17
VisualStudioVersion = 17.0.31903.59
MinimumVisualStudioVersion = 10.0.40219.1
Project("{9A19103F-16F7-4668-BE54-9A1E7A4F7556}") = "CRM_SYSTEM.BLL", "CRM_SYSTEM.BLL\CRM_SYSTEM.BLL.csproj", "{216547B6-1B2F-40FC-903A-5E7C8C19F9C3}"
EndProject
Project("{9A19103F-16F7-4668-BE54-9A1E7A4F7556}") = "CRM_SYSTEM.DAL", "CRM_SYSTEM.DAL\CRM_SYSTEM.DAL.csproj", "{9FD229D1-4090-43DA-9B51-1AD2FB615CE0}"
EndProject
Project("{FAE04EC0-301F-11D3-BF4B-00C04F79EFBC}") = "CRM_SYSTEM.API", "CRM_SYSTEM.API\CRM_SYSTEM.API.csproj", "{6A904938-4289-41C7-A1DF-6011363CB22B}"
EndProject
Global
	GlobalSection(SolutionConfigurationPlatforms) = preSolution
		Debug|Any CPU = Debug|Any CPU
		Release|Any CPU = Release|Any CPU
	EndGlobalSection
	GlobalSection(ProjectConfigurationPlatforms) = postSolution
		{216547B6-1B2F-40FC-903A-5E7C8C19F9C3}.Debug|Any CPU.ActiveCfg = Debug|Any CPU
		{216547B6-1B2F-40FC-903A-5E7C8C19F9C3}.Debug|Any CPU.Build.0 = Debug|Any CPU
		{216547B6-1B2F-40FC-903A-5E7C8C19F9C3}.Release|Any CPU.ActiveCfg = Release|Any CPU
		{216547B6-1B2F-40FC-903A-5E7C8C19F9C3}.Release|Any CPU.Build.0 = Release|Any CPU
		{9FD229D1-4090-43DA-9B51-1AD2FB615CE0}.Debug|Any CPU.ActiveCfg = Debug|Any CPU
		{9FD229D1-4090-43DA-9B51-1AD2FB615CE0}.Debug|Any CPU.Build.0 = Debug|Any CPU
		{9FD229D1-4090-43DA-9B51-1AD2FB615CE0}.Release|Any CPU.ActiveCfg = Release|Any CPU
		{9FD229D1-4090-43DA-9B51-1AD2FB615CE0}.Release|Any CPU.Build.0 = Release|Any CPU
		{6A904938-4289-41C7-A1DF-6011363CB22B}.Debug|Any CPU.ActiveCfg = Debug|Any CPU
		{6A904938-4289-41C7-A1DF-6011363CB22B}.Debug|Any CPU.Build.0 = Debug|Any CPU
		{6A904938-4289-41C7-A1DF-6011363CB22B}.Release|Any CPU.ActiveCfg = Release|Any CPU
		{6A904938-4289-41C7-A1DF-6011363CB22B}.Release|Any CPU.Build.0 = Release|Any CPU
	EndGlobalSection
	GlobalSection(SolutionProperties) = preSolution
		HideSolutionNode = FALSE
	EndGlobalSection
	GlobalSection(ExtensibilityGlobals) = postSolution
		SolutionGuid = {6B436FDD-D8F6-41C6-94BA-744C47AEA39E}
	EndGlobalSection
EndGlobal
